
Microsoft Visual Studio Solution File, Format Version 12.00
# Visual Studio Version 17
VisualStudioVersion = 17.0.32112.339
MinimumVisualStudioVersion = 10.0.40219.1
Project("{9A19103F-16F7-4668-BE54-9A1E7A4F7556}") = "carreas intento2", "carreas intento2\carreas intento2.csproj", "{675F446D-921E-4C6A-855B-B35F7E366FA7}"
EndProject
Global
	GlobalSection(SolutionConfigurationPlatforms) = preSolution
		Debug|Any CPU = Debug|Any CPU
		Release|Any CPU = Release|Any CPU
	EndGlobalSection
	GlobalSection(ProjectConfigurationPlatforms) = postSolution
		{675F446D-921E-4C6A-855B-B35F7E366FA7}.Debug|Any CPU.ActiveCfg = Debug|Any CPU
		{675F446D-921E-4C6A-855B-B35F7E366FA7}.Debug|Any CPU.Build.0 = Debug|Any CPU
		{675F446D-921E-4C6A-855B-B35F7E366FA7}.Release|Any CPU.ActiveCfg = Release|Any CPU
		{675F446D-921E-4C6A-855B-B35F7E366FA7}.Release|Any CPU.Build.0 = Release|Any CPU
	EndGlobalSection
	GlobalSection(SolutionProperties) = preSolution
		HideSolutionNode = FALSE
	EndGlobalSection
	GlobalSection(ExtensibilityGlobals) = postSolution
		SolutionGuid = {1726E0FA-7B34-4F7A-B93C-7A937192A2F2}
	EndGlobalSection
EndGlobal
